
Microsoft Visual Studio Solution File, Format Version 12.00
# Visual Studio 15
VisualStudioVersion = 15.0.27309.0
MinimumVisualStudioVersion = 10.0.40219.1
Project("{FAE04EC0-301F-11D3-BF4B-00C04F79EFBC}") = "HostProcess", "src\HostProcess\HostProcess.csproj", "{ADD304D2-9DA2-4C75-9A9B-E80F06279239}"
EndProject
Project("{FAE04EC0-301F-11D3-BF4B-00C04F79EFBC}") = "OpenFileDialogProcess", "src\OpenFileDialogProcess\OpenFileDialogProcess.csproj", "{76DB2748-4AD0-4233-9CE9-830D7D2BCDD0}"
EndProject
Global
	GlobalSection(SolutionConfigurationPlatforms) = preSolution
		Debug|Any CPU = Debug|Any CPU
		Release|Any CPU = Release|Any CPU
	EndGlobalSection
	GlobalSection(ProjectConfigurationPlatforms) = postSolution
		{ADD304D2-9DA2-4C75-9A9B-E80F06279239}.Debug|Any CPU.ActiveCfg = Debug|Any CPU
		{ADD304D2-9DA2-4C75-9A9B-E80F06279239}.Debug|Any CPU.Build.0 = Debug|Any CPU
		{ADD304D2-9DA2-4C75-9A9B-E80F06279239}.Release|Any CPU.ActiveCfg = Release|Any CPU
		{ADD304D2-9DA2-4C75-9A9B-E80F06279239}.Release|Any CPU.Build.0 = Release|Any CPU
		{76DB2748-4AD0-4233-9CE9-830D7D2BCDD0}.Debug|Any CPU.ActiveCfg = Debug|Any CPU
		{76DB2748-4AD0-4233-9CE9-830D7D2BCDD0}.Debug|Any CPU.Build.0 = Debug|Any CPU
		{76DB2748-4AD0-4233-9CE9-830D7D2BCDD0}.Release|Any CPU.ActiveCfg = Release|Any CPU
		{76DB2748-4AD0-4233-9CE9-830D7D2BCDD0}.Release|Any CPU.Build.0 = Release|Any CPU
	EndGlobalSection
	GlobalSection(SolutionProperties) = preSolution
		HideSolutionNode = FALSE
	EndGlobalSection
	GlobalSection(ExtensibilityGlobals) = postSolution
		SolutionGuid = {821CAD6B-CC95-43D7-961E-C93F572C0B85}
	EndGlobalSection
EndGlobal
